<?xml version="1.0" encoding="utf-8"?>
<Project ToolsVersion="4.0" xmlns="http://schemas.microsoft.com/developer/msbuild/2003">
  <ItemGroup>
    <Filter Include="Source Files">
      <UniqueIdentifier>{4FC737F1-C7A5-4376-A066-2A32D752A2FF}</UniqueIdentifier>
      <Extensions>cpp;c;cc;cxx;c++;cppm;ixx;def;odl;idl;hpj;bat;asm;asmx</Extensions>
    </Filter>
    <Filter Include="Header Files">
      <UniqueIdentifier>{93995380-89BD-4b04-88EB-625FBE52EBFB}</UniqueIdentifier>
      <Extensions>h;hh;hpp;hxx;h++;hm;inl;inc;ipp;xsd</Extensions>
    </Filter>
    <Filter Include="Resource Files">
      <UniqueIdentifier>{67DA6AB6-F800-4c08-8B7A-83BB121AAD01}</UniqueIdentifier>
      <Extensions>rc;ico;cur;bmp;dlg;rc2;rct;bin;rgs;gif;jpg;jpeg;jpe;resx;tiff;tif;png;wav;mfcribbon-ms</Extensions>
    </Filter>
  </ItemGroup>
  <ItemGroup>
    <ClCompile Include="main.cpp">
      <Filter>Source Files</Filter>
    </ClCompile>
    <ClCompile Include="Mod\Module.cpp">
      <Filter>Source Files</Filter>
    </ClCompile>
    <ClCompile Include="Sig\SignatureScanner.cpp">
      <Filter>Source Files</Filter>
    </ClCompile>
    <ClCompile Include="Settings\settings.cpp">
      <Filter>Source Files</Filter>
    </ClCompile>
    <ClCompile Include="Config\Config.cpp">
      <Filter>Source Files</Filter>
    </ClCompile>
    <ClCompile Include="Mod\Modules\Knockback.cpp">
      <Filter>Source Files</Filter>
    </ClCompile>
    <ClCompile Include="log.cpp">
      <Filter>Source Files</Filter>
    </ClCompile>
    <ClCompile Include="Mod\Modules\HurtTime.cpp">
      <Filter>Source Files</Filter>
    </ClCompile>
    <ClCompile Include="Mod\Modules\BasicAntiCheat.cpp">
      <Filter>Source Files</Filter>
    </ClCompile>
    <ClCompile Include="Mod\Modules\SeedHider.cpp">
      <Filter>Source Files</Filter>
    </ClCompile>
    <ClCompile Include="Sig\vtable_hook.cpp">
      <Filter>Source Files</Filter>
    </ClCompile>
    <ClCompile Include="Mod\Modules\SignCommand.cpp">
      <Filter>Source Files</Filter>
    </ClCompile>
    <ClCompile Include="Minecraft\Network\Packet.cpp">
      <Filter>Source Files</Filter>
    </ClCompile>
  </ItemGroup>
  <ItemGroup>
    <ClInclude Include="main.h">
      <Filter>Header Files</Filter>
    </ClInclude>
    <ClInclude Include="Mod\include_all.h">
      <Filter>Header Files</Filter>
    </ClInclude>
    <ClInclude Include="Mod\Module.h">
      <Filter>Header Files</Filter>
    </ClInclude>
    <ClInclude Include="Sig\SignatureScanner.h">
      <Filter>Header Files</Filter>
    </ClInclude>
    <ClInclude Include="Mod\Modules\Knockback.h">
      <Filter>Header Files</Filter>
    </ClInclude>
    <ClInclude Include="Settings\settings.h">
      <Filter>Header Files</Filter>
    </ClInclude>
    <ClInclude Include="shared.h">
      <Filter>Header Files</Filter>
    </ClInclude>
    <ClInclude Include="Mod\hook_def.h">
      <Filter>Header Files</Filter>
    </ClInclude>
    <ClInclude Include="Config\Config.h">
      <Filter>Header Files</Filter>
    </ClInclude>
    <ClInclude Include="Mod\Modules\HurtTime.h">
      <Filter>Header Files</Filter>
    </ClInclude>
    <ClInclude Include="Mod\Modules\BasicAntiCheat.h">
      <Filter>Header Files</Filter>
    </ClInclude>
    <ClInclude Include="Mod\Modules\SeedHider.h">
      <Filter>Header Files</Filter>
    </ClInclude>
    <ClInclude Include="Sig\vtable_hook.h">
      <Filter>Header Files</Filter>
    </ClInclude>
    <ClInclude Include="Mod\Modules\SignCommand.h">
      <Filter>Header Files</Filter>
    </ClInclude>
    <ClInclude Include="Minecraft\Entity\Actor.h">
      <Filter>Header Files</Filter>
    </ClInclude>
    <ClInclude Include="Minecraft\Pos\AABB.h">
      <Filter>Header Files</Filter>
    </ClInclude>
    <ClInclude Include="Minecraft\Entity\Player.h">
      <Filter>Header Files</Filter>
    </ClInclude>
    <ClInclude Include="Minecraft\Pos\Vector.h">
      <Filter>Header Files</Filter>
    </ClInclude>
    <ClInclude Include="Minecraft\Common.h">
      <Filter>Header Files</Filter>
    </ClInclude>
    <ClInclude Include="Minecraft\Item\Item.h">
      <Filter>Header Files</Filter>
    </ClInclude>
    <ClInclude Include="Minecraft\Item\ItemDescriptor.h">
      <Filter>Header Files</Filter>
    </ClInclude>
    <ClInclude Include="Minecraft\Block\Block.h">
      <Filter>Header Files</Filter>
    </ClInclude>
    <ClInclude Include="Minecraft\Item\ItemStackBase.h">
      <Filter>Header Files</Filter>
    </ClInclude>
    <ClInclude Include="Minecraft\Item\ItemStack.h">
      <Filter>Header Files</Filter>
    </ClInclude>
    <ClInclude Include="Minecraft\Network\StreamReadResult.h">
      <Filter>Header Files</Filter>
    </ClInclude>
    <ClInclude Include="Minecraft\Network\MovePlayerPacket.h">
      <Filter>Header Files</Filter>
    </ClInclude>
    <ClInclude Include="Minecraft\Network\Packet.h">
      <Filter>Header Files</Filter>
    </ClInclude>
  </ItemGroup>
  <ItemGroup>
    <None Include=".gitattributes" />
    <None Include=".gitignore" />
    <None Include="cpp.hint" />
    <None Include="README.md" />
    <None Include="LegacySupport\README.md" />
  </ItemGroup>
  <ItemGroup>
    <Text Include="Platinum\settings.txt" />
    <Text Include="Platinum\sigcache.txt" />
    <Text Include="Platinum\sigcache_LEGACY.txt" />
    <Text Include="LegacySupport\sigcache_1.16.201.txt" />
  </ItemGroup>
</Project>